
Microsoft Visual Studio Solution File, Format Version 12.00
# Visual Studio Version 17
VisualStudioVersion = 17.0.32014.148
MinimumVisualStudioVersion = 10.0.40219.1
Project("{FAE04EC0-301F-11D3-BF4B-00C04F79EFBC}") = "Client", "Client.csproj", "{AE22F4B6-03B3-407D-A060-B786B130979D}"
EndProject
Global
	GlobalSection(SolutionConfigurationPlatforms) = preSolution
		Debug|Any CPU = Debug|Any CPU
		Release|Any CPU = Release|Any CPU
	EndGlobalSection
	GlobalSection(ProjectConfigurationPlatforms) = postSolution
		{AE22F4B6-03B3-407D-A060-B786B130979D}.Debug|Any CPU.ActiveCfg = Debug|Any CPU
		{AE22F4B6-03B3-407D-A060-B786B130979D}.Debug|Any CPU.Build.0 = Debug|Any CPU
		{AE22F4B6-03B3-407D-A060-B786B130979D}.Release|Any CPU.ActiveCfg = Release|Any CPU
		{AE22F4B6-03B3-407D-A060-B786B130979D}.Release|Any CPU.Build.0 = Release|Any CPU
	EndGlobalSection
	GlobalSection(SolutionProperties) = preSolution
		HideSolutionNode = FALSE
	EndGlobalSection
	GlobalSection(ExtensibilityGlobals) = postSolution
		SolutionGuid = {3988DF65-D608-4357-80B5-4FAB5337403E}
	EndGlobalSection
EndGlobal
