
Microsoft Visual Studio Solution File, Format Version 12.00
# Visual Studio Version 17
VisualStudioVersion = 17.0.32014.148
MinimumVisualStudioVersion = 10.0.40219.1
Project("{FAE04EC0-301F-11D3-BF4B-00C04F79EFBC}") = "testClientBs", "testClientBs.csproj", "{4C5563BA-BB79-417A-96C0-A53D39DEE914}"
EndProject
Global
	GlobalSection(SolutionConfigurationPlatforms) = preSolution
		Debug|Any CPU = Debug|Any CPU
		Release|Any CPU = Release|Any CPU
	EndGlobalSection
	GlobalSection(ProjectConfigurationPlatforms) = postSolution
		{4C5563BA-BB79-417A-96C0-A53D39DEE914}.Debug|Any CPU.ActiveCfg = Debug|Any CPU
		{4C5563BA-BB79-417A-96C0-A53D39DEE914}.Debug|Any CPU.Build.0 = Debug|Any CPU
		{4C5563BA-BB79-417A-96C0-A53D39DEE914}.Release|Any CPU.ActiveCfg = Release|Any CPU
		{4C5563BA-BB79-417A-96C0-A53D39DEE914}.Release|Any CPU.Build.0 = Release|Any CPU
	EndGlobalSection
	GlobalSection(SolutionProperties) = preSolution
		HideSolutionNode = FALSE
	EndGlobalSection
	GlobalSection(ExtensibilityGlobals) = postSolution
		SolutionGuid = {D8BBF017-30F4-4676-97BA-1C79F9811D23}
	EndGlobalSection
EndGlobal
